
Microsoft Visual Studio Solution File, Format Version 12.00
# Visual Studio Version 17
VisualStudioVersion = 17.6.33829.357
MinimumVisualStudioVersion = 10.0.40219.1
Project("{FAE04EC0-301F-11D3-BF4B-00C04F79EFBC}") = "catware_uidesign", "catware_uidesign\catware_uidesign.csproj", "{082F55EF-BFBF-40B9-BDBD-392473DD6DA6}"
EndProject
Global
	GlobalSection(SolutionConfigurationPlatforms) = preSolution
		Debug|Any CPU = Debug|Any CPU
		Debug|x86 = Debug|x86
		Release|Any CPU = Release|Any CPU
		Release|x86 = Release|x86
	EndGlobalSection
	GlobalSection(ProjectConfigurationPlatforms) = postSolution
		{082F55EF-BFBF-40B9-BDBD-392473DD6DA6}.Debug|Any CPU.ActiveCfg = Debug|Any CPU
		{082F55EF-BFBF-40B9-BDBD-392473DD6DA6}.Debug|Any CPU.Build.0 = Debug|Any CPU
		{082F55EF-BFBF-40B9-BDBD-392473DD6DA6}.Debug|x86.ActiveCfg = Debug|x86
		{082F55EF-BFBF-40B9-BDBD-392473DD6DA6}.Debug|x86.Build.0 = Debug|x86
		{082F55EF-BFBF-40B9-BDBD-392473DD6DA6}.Release|Any CPU.ActiveCfg = Release|Any CPU
		{082F55EF-BFBF-40B9-BDBD-392473DD6DA6}.Release|Any CPU.Build.0 = Release|Any CPU
		{082F55EF-BFBF-40B9-BDBD-392473DD6DA6}.Release|x86.ActiveCfg = Release|x86
		{082F55EF-BFBF-40B9-BDBD-392473DD6DA6}.Release|x86.Build.0 = Release|x86
	EndGlobalSection
	GlobalSection(SolutionProperties) = preSolution
		HideSolutionNode = FALSE
	EndGlobalSection
	GlobalSection(ExtensibilityGlobals) = postSolution
		SolutionGuid = {FD9ACE2F-31C1-497A-AD6D-56BDBD32CB36}
	EndGlobalSection
EndGlobal
